# THIS IS AN AUTOGENERATED FILE. DO NOT EDIT THIS FILE DIRECTLY.
# yarn lockfile v1


"@adraffy/ens-normalize@1.10.1":
  version "1.10.1"
  resolved "https://registry.yarnpkg.com/@adraffy/ens-normalize/-/ens-normalize-1.10.1.tgz#63430d04bd8c5e74f8d7d049338f1cd9d4f02069"
  integrity sha512-96Z2IP3mYmF1Xg2cDm8f1gWGf/HUVedQ3FMifV4kG/PQ4yEP51xDtRAEfhVNt5f/uzpNkZHwWQuUcu6D6K+Ekw==

"@noble/curves@1.2.0":
  version "1.2.0"
  resolved "https://registry.yarnpkg.com/@noble/curves/-/curves-1.2.0.tgz#92d7e12e4e49b23105a2555c6984d41733d65c35"
  integrity sha512-oYclrNgRaM9SsBUBVbb8M6DTV7ZHRTKugureoYEncY5c65HOmRzvSiTE3y5CYaPYJA/GVkrhXEoF0M3Ya9PMnw==
  dependencies:
    "@noble/hashes" "1.3.2"

"@noble/hashes@1.3.2":
  version "1.3.2"
  resolved "https://registry.yarnpkg.com/@noble/hashes/-/hashes-1.3.2.tgz#6f26dbc8fbc7205873ce3cee2f690eba0d421b39"
  integrity sha512-MVC8EAQp7MvEcm30KWENFjgR+Mkmf+D189XJTkFIlwohU5hcBbn1ZkKq7KVTi2Hme3PMGF390DaL52beVrIihQ==

"@types/node@18.15.13":
  version "18.15.13"
  resolved "https://registry.yarnpkg.com/@types/node/-/node-18.15.13.tgz#f64277c341150c979e42b00e4ac289290c9df469"
  integrity sha512-N+0kuo9KgrUQ1Sn/ifDXsvg0TTleP7rIy4zOBGECxAljqvqfqpTfzx0Q1NUedOixRMBfe2Whhb056a42cWs26Q==

aes-js@4.0.0-beta.5:
  version "4.0.0-beta.5"
  resolved "https://registry.yarnpkg.com/aes-js/-/aes-js-4.0.0-beta.5.tgz#8d2452c52adedebc3a3e28465d858c11ca315873"
  integrity sha512-G965FqalsNyrPqgEGON7nIx1e/OVENSgiEIzyC63haUMuvNnwIgIjMs52hlTCKhkBny7A2ORNlfY9Zu+jmGk1Q==

ansi-regex@^1.0.0:
  version "1.1.1"
  resolved "https://registry.yarnpkg.com/ansi-regex/-/ansi-regex-1.1.1.tgz#41c847194646375e6a1a5d10c3ca054ef9fc980d"
  integrity sha512-q5i8bFLg2wDfsuR56c1NzlJFPzVD+9mxhDrhqOGigEFa87OZHlF+9dWeGWzVTP/0ECiA/JUGzfzRr2t3eYORRw==

ansi-styles@~0.2.0:
  version "0.2.0"
  resolved "https://registry.yarnpkg.com/ansi-styles/-/ansi-styles-0.2.0.tgz#359ab4b15dcd64ba6d74734b72c36360a9af2c19"
  integrity sha512-YyQBeLj0juxUC9uUXRpQ1ZAzPT1dnsn5vVeJLHYFq4Ct1p0rymUSyvckKCXCH9I0bh3jWDIETA5nXIaZVKlDyA==

async@~0.2.8:
  version "0.2.10"
  resolved "https://registry.yarnpkg.com/async/-/async-0.2.10.tgz#b6bbe0b0674b9d719708ca38de8c237cb526c3d1"
  integrity sha512-eAkdoKxU6/LkKDBzLpT+t6Ff5EtfSF4wx1WfJiPEEV7WNLnDaRXk0oVysiEPm262roaachGexwUv94WhSgN5TQ==

bignumber.js@^9.1.2:
  version "9.1.2"
  resolved "https://registry.yarnpkg.com/bignumber.js/-/bignumber.js-9.1.2.tgz#b7c4242259c008903b13707983b5f4bbd31eda0c"
  integrity sha512-2/mKyZH9K85bzOEfhXDBFZTGd1CTs+5IHpeFQo9luiBG7hghdC851Pj2WAhb6E3R6b9tZj/XKhbg4fum+Kepug==

chalk@~0.3.0:
  version "0.3.0"
  resolved "https://registry.yarnpkg.com/chalk/-/chalk-0.3.0.tgz#1c98437737f1199ebcc1d4c48fd41b9f9c8e8f23"
  integrity sha512-OcfgS16PHpCu2Q4TNMtk0aZNx8PyeNiiB+6AgGH91fhT9hJ3v6pIIJ3lxlaOEDHlTm8t3wDe6bDGamvtIokQTg==
  dependencies:
    ansi-styles "~0.2.0"
    has-color "~0.1.0"

cli-color@~0.2.2:
  version "0.2.3"
  resolved "https://registry.yarnpkg.com/cli-color/-/cli-color-0.2.3.tgz#0a25ceae5a6a1602be7f77d28563c36700274e88"
  integrity sha512-f4DFHXdoe2rGMwuVO+DTBM6CkSt4m9R4a0vjnq5CJkSCKaXbrHbslCmyjG6cz/o50HP2wkjO3G1mXvc7G3V1LQ==
  dependencies:
    es5-ext "~0.9.2"
    memoizee "~0.2.5"

commander@~2.1.0:
  version "2.1.0"
  resolved "https://registry.yarnpkg.com/commander/-/commander-2.1.0.tgz#d121bbae860d9992a3d517ba96f56588e47c6781"
  integrity sha512-J2wnb6TKniXNOtoHS8TSrG9IOQluPrsmyAJ8oCUJOBmv+uLBCyPYAZkD2jFvw2DCzIXNnISIM01NIvr35TkBMQ==

cookiejar@1.3.0:
  version "1.3.0"
  resolved "https://registry.yarnpkg.com/cookiejar/-/cookiejar-1.3.0.tgz#dd00b35679021e99cbd4e855b9ad041913474765"
  integrity sha512-U+NgxxtwHIokuL04FqKEkqsaWBDtnCQo+wvYjUCtBA56Lcg8vpV3SGtBx+RAmw92SV3VT8PwsYcCFK/cC3Dw+A==

debug@~0.7.2:
  version "0.7.4"
  resolved "https://registry.yarnpkg.com/debug/-/debug-0.7.4.tgz#06e1ea8082c2cb14e39806e22e2f6f757f92af39"
  integrity sha512-EohAb3+DSHSGx8carOSKJe8G0ayV5/i609OD0J2orCkuyae7SyZSz2aoLmQF2s0Pj5gITDebwPH7GFBlqOUQ1Q==

emitter-component@1.0.0:
  version "1.0.0"
  resolved "https://registry.yarnpkg.com/emitter-component/-/emitter-component-1.0.0.tgz#f04dd18fc3dc3e9a74cbc0f310b088666e4c016f"
  integrity sha512-GZrLdp4Z7OERecoYQYElVVqf6/gcbGUs8nvaE+nmu2dGy453lLgGyPLNX9DdSyojdMqI86fCT9XQqsWJymciEw==

es5-ext@~0.9.2:
  version "0.9.2"
  resolved "https://registry.yarnpkg.com/es5-ext/-/es5-ext-0.9.2.tgz#d2e309d1f223b0718648835acf5b8823a8061f8a"
  integrity sha512-wP3OSxZ0L/qK76t6qxPR8gWr2o5F4SzNF9qS5F/mOfVY3Ezcg07v6hSkETDmoekXIzn8xhQbHpp+tVlOE+qOAg==

ether@^0.0.9:
  version "0.0.9"
  resolved "https://registry.yarnpkg.com/ether/-/ether-0.0.9.tgz#9e3204957ada868a9a07576c5c1e74a7019eb15d"
  integrity sha512-KYive1RzWSVsOTnGM0GHCUkeAz/TtNA9XRzd+WS0GndvXlmpKyNQ9n69SF46lJmNeuMtvgcG+LIDXZYhk2/kDQ==
  dependencies:
    commander "~2.1.0"
    inquirer "~0.4.0"
    memoizee "~0.2.6"
    micro-engine "0.0.1"
    sudo-block "~0.3.0"
    superagent "~0.16.0"

ethers@^6.13.1:
  version "6.13.1"
  resolved "https://registry.yarnpkg.com/ethers/-/ethers-6.13.1.tgz#2b9f9c7455cde9d38b30fe6589972eb083652961"
  integrity sha512-hdJ2HOxg/xx97Lm9HdCWk949BfYqYWpyw4//78SiwOLgASyfrNszfMUNB2joKjvGUdwhHfaiMMFFwacVVoLR9A==
  dependencies:
    "@adraffy/ens-normalize" "1.10.1"
    "@noble/curves" "1.2.0"
    "@noble/hashes" "1.3.2"
    "@types/node" "18.15.13"
    aes-js "4.0.0-beta.5"
    tslib "2.4.0"
    ws "8.17.1"

event-emitter@~0.2.2:
  version "0.2.2"
  resolved "https://registry.yarnpkg.com/event-emitter/-/event-emitter-0.2.2.tgz#c81e3724eb55407c5a0d5ee3299411f700f54291"
  integrity sha512-kdjfxF6jYJ5m/OEe3ZNNJzbCEcagF4lNJeuhgrBSRnlitpdxICDKzCel+Z5Wbl7K9UhBN/7k2MzXBvCvSwfzzg==
  dependencies:
    es5-ext "~0.9.2"

formidable@1.0.14:
  version "1.0.14"
  resolved "https://registry.yarnpkg.com/formidable/-/formidable-1.0.14.tgz#2b3f4c411cbb5fdd695c44843e2a23514a43231a"
  integrity sha512-aOskFHEfYwkSKSzGui5jhQ+uyLo2NTwpzhndggz2YZHlv0HkAi+zG5ZEBCL3GTvqLyr/FzX9Mvx9DueCmu2HzQ==

has-color@~0.1.0:
  version "0.1.7"
  resolved "https://registry.yarnpkg.com/has-color/-/has-color-0.1.7.tgz#67144a5260c34fc3cca677d041daf52fe7b78b2f"
  integrity sha512-kaNz5OTAYYmt646Hkqw50/qyxP2vFnTVu5AQ1Zmk22Kk5+4Qx6BpO8+u7IKsML5fOsFk0ZT0AcCJNYwcvaLBvw==

inquirer@~0.4.0:
  version "0.4.1"
  resolved "https://registry.yarnpkg.com/inquirer/-/inquirer-0.4.1.tgz#6cf74eb1a347f97a1a207bea8ad1c987d0ff4b81"
  integrity sha512-q+Im4T6ukccagPS1iGpVoVXA3aqYYOQGEDfGPkvGCsKPxy/WDiXX2BCJMxQqyz5AJp/sGYcnaM6YfwP2s3uxbQ==
  dependencies:
    async "~0.2.8"
    cli-color "~0.2.2"
    lodash "~2.4.1"
    mute-stream "0.0.4"
    readline2 "~0.1.0"
    through "~2.3.4"

lodash@~2.4.1:
  version "2.4.2"
  resolved "https://registry.yarnpkg.com/lodash/-/lodash-2.4.2.tgz#fadd834b9683073da179b3eae6d9c0d15053f73e"
  integrity sha512-Kak1hi6/hYHGVPmdyiZijoQyz5x2iGVzs6w9GYB/HiXEtylY7tIoYEROMjvM1d9nXJqPOrG2MNPMn01bJ+S0Rw==

memoizee@~0.2.5, memoizee@~0.2.6:
  version "0.2.6"
  resolved "https://registry.yarnpkg.com/memoizee/-/memoizee-0.2.6.tgz#bb45a7ad02530082f1612671dab35219cd2e0741"
  integrity sha512-0VZI0btwyGk6FSDnJGuJtso4M/eSxhVb5ID5AZNWMFFgT2LexCV18hHI764V4ELKlyfnQ5KMQ+q5H3uvFN3MLw==
  dependencies:
    es5-ext "~0.9.2"
    event-emitter "~0.2.2"
    next-tick "0.1.x"

methods@0.0.1:
  version "0.0.1"
  resolved "https://registry.yarnpkg.com/methods/-/methods-0.0.1.tgz#277c90f8bef39709645a8371c51c3b6c648e068c"
  integrity sha512-pB8oFfci/xcfUgM6DTxc7lbTKifPPgs3mZUOsEgaH+1TTWpmcmv3sHl+5sUHIj2X2W8aPYa2+nJealRHK+Lo6A==

micro-engine@0.0.1:
  version "0.0.1"
  resolved "https://registry.yarnpkg.com/micro-engine/-/micro-engine-0.0.1.tgz#b2c59fa065f4fb2ad9c9e2a878f0a1dd980b6417"
  integrity sha512-HdhhNwLLq3Kk5pwKo3x8sS8x6MZDnMq48kMkWzK10/hCJLptUWMVGAFqk3q4qFcdCW4A/qFDw6om7Vaw6FdSEQ==
  dependencies:
    should "~2.1.1"

mime@1.2.5:
  version "1.2.5"
  resolved "https://registry.yarnpkg.com/mime/-/mime-1.2.5.tgz#9eed073022a8bf5e16c8566c6867b8832bfbfa13"
  integrity sha512-QfwTOA+zRHSZXxl9Y7ue5ifKDhU1prnh0dO67Vgcl7Lcx0+79vL9A1ln0qtVur8CFSdYq5Zhnw9DDZQgwDh8Ng==

mute-stream@0.0.4:
  version "0.0.4"
  resolved "https://registry.yarnpkg.com/mute-stream/-/mute-stream-0.0.4.tgz#a9219960a6d5d5d046597aee51252c6655f7177e"
  integrity sha512-amvrY4m/7oZamehMoFi1tbwU/kXbVvRTGM2S7F+PZi3n51Jx+9AcSQ3EQsag3tR+hS2higfgOP/Kl8kri/X52A==

next-tick@0.1.x:
  version "0.1.0"
  resolved "https://registry.yarnpkg.com/next-tick/-/next-tick-0.1.0.tgz#1912cce8eb9b697d640fbba94f8f00dec3b94259"
  integrity sha512-I44QWeGCHJTx2D3buhnljvSjmPgJua3zdPGtlCQEvA45t9kS/CaHnlVqidTzHwq8LGXhD2SMezjk4hQgP+32Lg==

qs@0.6.5:
  version "0.6.5"
  resolved "https://registry.yarnpkg.com/qs/-/qs-0.6.5.tgz#294b268e4b0d4250f6dde19b3b8b34935dff14ef"
  integrity sha512-n7wA/f30O3SsOw2BVkGUDzjWMw7kXvQJWKtDdgfq5HJvDoad+Jbc6osN1AQ0Iain5plo9e7Cs5fE+xR+DVkPTw==

readline2@~0.1.0:
  version "0.1.1"
  resolved "https://registry.yarnpkg.com/readline2/-/readline2-0.1.1.tgz#99443ba6e83b830ef3051bfd7dc241a82728d568"
  integrity sha512-qs8GGG+hLGMaDOGjd+mDglDoYcHDkjIY7z5RU0/ApsGT0qypyrWskNeemUqD+UxIXiZoMYT5aLwGp4ehoyZhIg==
  dependencies:
    mute-stream "0.0.4"
    strip-ansi "^2.0.1"

reduce-component@1.0.1:
  version "1.0.1"
  resolved "https://registry.yarnpkg.com/reduce-component/-/reduce-component-1.0.1.tgz#e0c93542c574521bea13df0f9488ed82ab77c5da"
  integrity sha512-y0wyCcdQul3hI3xHfIs0vg/jSbboQc/YTOAqaxjFG7At+XSexduuOqBVL9SmOLSwa/ldkbzVzdwuk9s2EKTAZg==

rlp@^3.0.0:
  version "3.0.0"
  resolved "https://registry.yarnpkg.com/rlp/-/rlp-3.0.0.tgz#5a60725ca4314a3a165feecca1836e4f2c1e2343"
  integrity sha512-PD6U2PGk6Vq2spfgiWZdomLvRGDreBLxi5jv5M8EpRo3pU6VEm31KO+HFxE18Q3vgqfDrQ9pZA3FP95rkijNKw==

should@~2.1.1:
  version "2.1.1"
  resolved "https://registry.yarnpkg.com/should/-/should-2.1.1.tgz#c648b13a8b464465c2f838ea0c93f12e4ae06c6b"
  integrity sha512-w9EBOxgQMNmWxqPgjaCOz21FcuYepdNjTGxw0EyIvibY1CdB4UqHjBqEvN5xj5B+tzwrndTaNFwp79yX2E1cFw==

strip-ansi@^2.0.1:
  version "2.0.1"
  resolved "https://registry.yarnpkg.com/strip-ansi/-/strip-ansi-2.0.1.tgz#df62c1aa94ed2f114e1d0f21fd1d50482b79a60e"
  integrity sha512-2h8q2CP3EeOhDJ+jd932PRMpa3/pOJFGoF22J1U/DNbEK2gSW2DqeF46VjCXsSQXhC+k/l8/gaaRBQKL6hUPfQ==
  dependencies:
    ansi-regex "^1.0.0"

sudo-block@~0.3.0:
  version "0.3.0"
  resolved "https://registry.yarnpkg.com/sudo-block/-/sudo-block-0.3.0.tgz#aec27fbde8763ee32e3e47b8ba3c70584da7eb9c"
  integrity sha512-Jv0WZsbu61SeFqeIVF6hSLnXELZafaxWLESVKt1XUW4UPMVccmE3n2ojL39OkbgjRnaYe7qHP7APJobeDxvMDw==
  dependencies:
    chalk "~0.3.0"

superagent@~0.16.0:
  version "0.16.0"
  resolved "https://registry.yarnpkg.com/superagent/-/superagent-0.16.0.tgz#f38df4a476565dffdbaa07764b81a19f0ab38a4e"
  integrity sha512-/CJzCPSwbwEK1DJOllhcUHy7/4yuKiWOI5gvvyS38Dz8ZortROdYSrxJSB0f+1kPsOLentwnB61obWpRsro5+A==
  dependencies:
    cookiejar "1.3.0"
    debug "~0.7.2"
    emitter-component "1.0.0"
    formidable "1.0.14"
    methods "0.0.1"
    mime "1.2.5"
    qs "0.6.5"
    reduce-component "1.0.1"

through@~2.3.4:
  version "2.3.8"
  resolved "https://registry.yarnpkg.com/through/-/through-2.3.8.tgz#0dd4c9ffaabc357960b1b724115d7e0e86a2e1f5"
  integrity sha512-w89qg7PI8wAdvX60bMDP+bFoD5Dvhm9oLheFp5O4a2QF0cSBGsBX4qZmadPMvVqlLJBBci+WqGGOAPvcDeNSVg==

tslib@2.4.0:
  version "2.4.0"
  resolved "https://registry.yarnpkg.com/tslib/-/tslib-2.4.0.tgz#7cecaa7f073ce680a05847aa77be941098f36dc3"
  integrity sha512-d6xOpEDfsi2CZVlPQzGeux8XMwLT9hssAsaPYExaQMuYskwb+x1x7J371tWlbBdWHroy99KnVB6qIkUbs5X3UQ==

ws@8.17.1:
  version "8.17.1"
  resolved "https://registry.yarnpkg.com/ws/-/ws-8.17.1.tgz#9293da530bb548febc95371d90f9c878727d919b"
  integrity sha512-6XQFvXTkbfUOZOKKILFG1PDK2NDQs4azKQl26T0YS5CxqWLgXajbPZ+h4gZekJyRqFU8pvnbAbbs/3TgRPy+GQ==
